// !$*UTF8*$!
{
	archiveVersion = 1;
	classes = {
	};
	objectVersion = 46;
	objects = {

/* Begin PBXBuildFile section */
		6E45A20F1CB2B5B30053BA40 /* main.m in Sources */ = {isa = PBXBuildFile; fileRef = 6E45A20E1CB2B5B30053BA40 /* main.m */; };
		6E45A2121CB2B5B30053BA40 /* AppDelegate.m in Sources */ = {isa = PBXBuildFile; fileRef = 6E45A2111CB2B5B30053BA40 /* AppDelegate.m */; };
		6E45A2151CB2B5B30053BA40 /* ViewController.m in Sources */ = {isa = PBXBuildFile; fileRef = 6E45A2141CB2B5B30053BA40 /* ViewController.m */; };
		6E45A2181CB2B5B30053BA40 /* Main.storyboard in Resources */ = {isa = PBXBuildFile; fileRef = 6E45A2161CB2B5B30053BA40 /* Main.storyboard */; };
		6E45A21A1CB2B5B30053BA40 /* Assets.xcassets in Resources */ = {isa = PBXBuildFile; fileRef = 6E45A2191CB2B5B30053BA40 /* Assets.xcassets */; };
		6E45A21D1CB2B5B30053BA40 /* LaunchScreen.storyboard in Resources */ = {isa = PBXBuildFile; fileRef = 6E45A21B1CB2B5B30053BA40 /* LaunchScreen.storyboard */; };
		6E45A2281CB2B5B30053BA40 /* DayOne3Tests.m in Sources */ = {isa = PBXBuildFile; fileRef = 6E45A2271CB2B5B30053BA40 /* DayOne3Tests.m */; };
		6E45A2331CB2B5B30053BA40 /* DayOne3UITests.m in Sources */ = {isa = PBXBuildFile; fileRef = 6E45A2321CB2B5B30053BA40 /* DayOne3UITests.m */; };
/* End PBXBuildFile section */

/* Begin PBXContainerItemProxy section */
		6E45A2241CB2B5B30053BA40 /* PBXContainerItemProxy */ = {
			isa = PBXContainerItemProxy;
			containerPortal = 6E45A2021CB2B5B30053BA40 /* Project object */;
			proxyType = 1;
			remoteGlobalIDString = 6E45A2091CB2B5B30053BA40;
			remoteInfo = DayOne3;
		};
		6E45A22F1CB2B5B30053BA40 /* PBXContainerItemProxy */ = {
			isa = PBXContainerItemProxy;
			containerPortal = 6E45A2021CB2B5B30053BA40 /* Project object */;
			proxyType = 1;
			remoteGlobalIDString = 6E45A2091CB2B5B30053BA40;
			remoteInfo = DayOne3;
		};
/* End PBXContainerItemProxy section */

/* Begin PBXFileReference section */
		6E45A20A1CB2B5B30053BA40 /* DayOne3.app */ = {isa = PBXFileReference; explicitFileType = wrapper.application; includeInIndex = 0; path = DayOne3.app; sourceTree = BUILT_PRODUCTS_DIR; };
		6E45A20E1CB2B5B30053BA40 /* main.m */ = {isa = PBXFileReference; lastKnownFileType = sourcecode.c.objc; path = main.m; sourceTree = "<group>"; };
		6E45A2101CB2B5B30053BA40 /* AppDelegate.h */ = {isa = PBXFileReference; lastKnownFileType = sourcecode.c.h; path = AppDelegate.h; sourceTree = "<group>"; };
		6E45A2111CB2B5B30053BA40 /* AppDelegate.m */ = {isa = PBXFileReference; lastKnownFileType = sourcecode.c.objc; path = AppDelegate.m; sourceTree = "<group>"; };
		6E45A2131CB2B5B30053BA40 /* ViewController.h */ = {isa = PBXFileReference; lastKnownFileType = sourcecode.c.h; path = ViewController.h; sourceTree = "<group>"; };
		6E45A2141CB2B5B30053BA40 /* ViewController.m */ = {isa = PBXFileReference; lastKnownFileType = sourcecode.c.objc; path = ViewController.m; sourceTree = "<group>"; };
		6E45A2171CB2B5B30053BA40 /* Base */ = {isa = PBXFileReference; lastKnownFileType = file.storyboard; name = Base; path = Base.lproj/Main.storyboard; sourceTree = "<group>"; };
		6E45A2191CB2B5B30053BA40 /* Assets.xcassets */ = {isa = PBXFileReference; lastKnownFileType = folder.assetcatalog; path = Assets.xcassets; sourceTree = "<group>"; };
		6E45A21C1CB2B5B30053BA40 /* Base */ = {isa = PBXFileReference; lastKnownFileType = file.storyboard; name = Base; path = Base.lproj/LaunchScreen.storyboard; sourceTree = "<group>"; };
		6E45A21E1CB2B5B30053BA40 /* Info.plist */ = {isa = PBXFileReference; lastKnownFileType = text.plist.xml; path = Info.plist; sourceTree = "<group>"; };
		6E45A2231CB2B5B30053BA40 /* DayOne3Tests.xctest */ = {isa = PBXFileReference; explicitFileType = wrapper.cfbundle; includeInIndex = 0; path = DayOne3Tests.xctest; sourceTree = BUILT_PRODUCTS_DIR; };
		6E45A2271CB2B5B30053BA40 /* DayOne3Tests.m */ = {isa = PBXFileReference; lastKnownFileType = sourcecode.c.objc; path = DayOne3Tests.m; sourceTree = "<group>"; };
		6E45A2291CB2B5B30053BA40 /* Info.plist */ = {isa = PBXFileReference; lastKnownFileType = text.plist.xml; path = Info.plist; sourceTree = "<group>"; };
		6E45A22E1CB2B5B30053BA40 /* DayOne3UITests.xctest */ = {isa = PBXFileReference; explicitFileType = wrapper.cfbundle; includeInIndex = 0; path = DayOne3UITests.xctest; sourceTree = BUILT_PRODUCTS_DIR; };
		6E45A2321CB2B5B30053BA40 /* DayOne3UITests.m */ = {isa = PBXFileReference; lastKnownFileType = sourcecode.c.objc; path = DayOne3UITests.m; sourceTree = "<group>"; };
		6E45A2341CB2B5B30053BA40 /* Info.plist */ = {isa = PBXFileReference; lastKnownFileType = text.plist.xml; path = Info.plist; sourceTree = "<group>"; };
/* End PBXFileReference section */

/* Begin PBXFrameworksBuildPhase section */
		6E45A2071CB2B5B30053BA40 /* Frameworks */ = {
			isa = PBXFrameworksBuildPhase;
			buildActionMask = 2147483647;
			files = (
			);
			runOnlyForDeploymentPostprocessing = 0;
		};
		6E45A2201CB2B5B30053BA40 /* Frameworks */ = {
			isa = PBXFrameworksBuildPhase;
			buildActionMask = 2147483647;
			files = (
			);
			runOnlyForDeploymentPostprocessing = 0;
		};
		6E45A22B1CB2B5B30053BA40 /* Frameworks */ = {
			isa = PBXFrameworksBuildPhase;
			buildActionMask = 2147483647;
			files = (
			);
			runOnlyForDeploymentPostprocessing = 0;
		};
/* End PBXFrameworksBuildPhase section */

/* Begin PBXGroup section */
		6E45A2011CB2B5B30053BA40 = {
			isa = PBXGroup;
			children = (
				6E45A20C1CB2B5B30053BA40 /* DayOne3 */,
				6E45A2261CB2B5B30053BA40 /* DayOne3Tests */,
				6E45A2311CB2B5B30053BA40 /* DayOne3UITests */,
				6E45A20B1CB2B5B30053BA40 /* Products */,
			);
			sourceTree = "<group>";
		};
		6E45A20B1CB2B5B30053BA40 /* Products */ = {
			isa = PBXGroup;
			children = (
				6E45A20A1CB2B5B30053BA40 /* DayOne3.app */,
				6E45A2231CB2B5B30053BA40 /* DayOne3Tests.xctest */,
				6E45A22E1CB2B5B30053BA40 /* DayOne3UITests.xctest */,
			);
			name = Products;
			sourceTree = "<group>";
		};
		6E45A20C1CB2B5B30053BA40 /* DayOne3 */ = {
			isa = PBXGroup;
			children = (
				6E45A2101CB2B5B30053BA40 /* AppDelegate.h */,
				6E45A2111CB2B5B30053BA40 /* AppDelegate.m */,
				6E45A2131CB2B5B30053BA40 /* ViewController.h */,
				6E45A2141CB2B5B30053BA40 /* ViewController.m */,
				6E45A2161CB2B5B30053BA40 /* Main.storyboard */,
				6E45A2191CB2B5B30053BA40 /* Assets.xcassets */,
				6E45A21B1CB2B5B30053BA40 /* LaunchScreen.storyboard */,
				6E45A21E1CB2B5B30053BA40 /* Info.plist */,
				6E45A20D1CB2B5B30053BA40 /* Supporting Files */,
			);
			path = DayOne3;
			sourceTree = "<group>";
		};
		6E45A20D1CB2B5B30053BA40 /* Supporting Files */ = {
			isa = PBXGroup;
			children = (
				6E45A20E1CB2B5B30053BA40 /* main.m */,
			);
			name = "Supporting Files";
			sourceTree = "<group>";
		};
		6E45A2261CB2B5B30053BA40 /* DayOne3Tests */ = {
			isa = PBXGroup;
			children = (
				6E45A2271CB2B5B30053BA40 /* DayOne3Tests.m */,
				6E45A2291CB2B5B30053BA40 /* Info.plist */,
			);
			path = DayOne3Tests;
			sourceTree = "<group>";
		};
		6E45A2311CB2B5B30053BA40 /* DayOne3UITests */ = {
			isa = PBXGroup;
			children = (
				6E45A2321CB2B5B30053BA40 /* DayOne3UITests.m */,
				6E45A2341CB2B5B30053BA40 /* Info.plist */,
			);
			path = DayOne3UITests;
			sourceTree = "<group>";
		};
/* End PBXGroup section */

/* Begin PBXNativeTarget section */
		6E45A2091CB2B5B30053BA40 /* DayOne3 */ = {
			isa = PBXNativeTarget;
			buildConfigurationList = 6E45A2371CB2B5B30053BA40 /* Build configuration list for PBXNativeTarget "DayOne3" */;
			buildPhases = (
				6E45A2061CB2B5B30053BA40 /* Sources */,
				6E45A2071CB2B5B30053BA40 /* Frameworks */,
				6E45A2081CB2B5B30053BA40 /* Resources */,
			);
			buildRules = (
			);
			dependencies = (
			);
			name = DayOne3;
			productName = DayOne3;
			productReference = 6E45A20A1CB2B5B30053BA40 /* DayOne3.app */;
			productType = "com.apple.product-type.application";
		};
		6E45A2221CB2B5B30053BA40 /* DayOne3Tests */ = {
			isa = PBXNativeTarget;
			buildConfigurationList = 6E45A23A1CB2B5B30053BA40 /* Build configuration list for PBXNativeTarget "DayOne3Tests" */;
			buildPhases = (
				6E45A21F1CB2B5B30053BA40 /* Sources */,
				6E45A2201CB2B5B30053BA40 /* Frameworks */,
				6E45A2211CB2B5B30053BA40 /* Resources */,
			);
			buildRules = (
			);
			dependencies = (
				6E45A2251CB2B5B30053BA40 /* PBXTargetDependency */,
			);
			name = DayOne3Tests;
			productName = DayOne3Tests;
			productReference = 6E45A2231CB2B5B30053BA40 /* DayOne3Tests.xctest */;
			productType = "com.apple.product-type.bundle.unit-test";
		};
		6E45A22D1CB2B5B30053BA40 /* DayOne3UITests */ = {
			isa = PBXNativeTarget;
			buildConfigurationList = 6E45A23D1CB2B5B30053BA40 /* Build configuration list for PBXNativeTarget "DayOne3UITests" */;
			buildPhases = (
				6E45A22A1CB2B5B30053BA40 /* Sources */,
				6E45A22B1CB2B5B30053BA40 /* Frameworks */,
				6E45A22C1CB2B5B30053BA40 /* Resources */,
			);
			buildRules = (
			);
			dependencies = (
				6E45A2301CB2B5B30053BA40 /* PBXTargetDependency */,
			);
			name = DayOne3UITests;
			productName = DayOne3UITests;
			productReference = 6E45A22E1CB2B5B30053BA40 /* DayOne3UITests.xctest */;
			productType = "com.apple.product-type.bundle.ui-testing";
		};
/* End PBXNativeTarget section */

/* Begin PBXProject section */
		6E45A2021CB2B5B30053BA40 /* Project object */ = {
			isa = PBXProject;
			attributes = {
				LastUpgradeCheck = 0720;
				ORGANIZATIONNAME = wlighting;
				TargetAttributes = {
					6E45A2091CB2B5B30053BA40 = {
						CreatedOnToolsVersion = 7.2.1;
					};
					6E45A2221CB2B5B30053BA40 = {
						CreatedOnToolsVersion = 7.2.1;
						TestTargetID = 6E45A2091CB2B5B30053BA40;
					};
					6E45A22D1CB2B5B30053BA40 = {
						CreatedOnToolsVersion = 7.2.1;
						TestTargetID = 6E45A2091CB2B5B30053BA40;
					};
				};
			};
			buildConfigurationList = 6E45A2051CB2B5B30053BA40 /* Build configuration list for PBXProject "DayOne3" */;
			compatibilityVersion = "Xcode 3.2";
			developmentRegion = English;
			hasScannedForEncodings = 0;
			knownRegions = (
				en,
				Base,
			);
			mainGroup = 6E45A2011CB2B5B30053BA40;
			productRefGroup = 6E45A20B1CB2B5B30053BA40 /* Products */;
			projectDirPath = "";
			projectRoot = "";
			targets = (
				6E45A2091CB2B5B30053BA40 /* DayOne3 */,
				6E45A2221CB2B5B30053BA40 /* DayOne3Tests */,
				6E45A22D1CB2B5B30053BA40 /* DayOne3UITests */,
			);
		};
/* End PBXProject section */

/* Begin PBXResourcesBuildPhase section */
		6E45A2081CB2B5B30053BA40 /* Resources */ = {
			isa = PBXResourcesBuildPhase;
			buildActionMask = 2147483647;
			files = (
				6E45A21D1CB2B5B30053BA40 /* LaunchScreen.storyboard in Resources */,
				6E45A21A1CB2B5B30053BA40 /* Assets.xcassets in Resources */,
				6E45A2181CB2B5B30053BA40 /* Main.storyboard in Resources */,
			);
			runOnlyForDeploymentPostprocessing = 0;
		};
		6E45A2211CB2B5B30053BA40 /* Resources */ = {
			isa = PBXResourcesBuildPhase;
			buildActionMask = 2147483647;
			files = (
			);
			runOnlyForDeploymentPostprocessing = 0;
		};
		6E45A22C1CB2B5B30053BA40 /* Resources */ = {
			isa = PBXResourcesBuildPhase;
			buildActionMask = 2147483647;
			files = (
			);
			runOnlyForDeploymentPostprocessing = 0;
		};
/* End PBXResourcesBuildPhase section */

/* Begin PBXSourcesBuildPhase section */
		6E45A2061CB2B5B30053BA40 /* Sources */ = {
			isa = PBXSourcesBuildPhase;
			buildActionMask = 2147483647;
			files = (
				6E45A2151CB2B5B30053BA40 /* ViewController.m in Sources */,
				6E45A2121CB2B5B30053BA40 /* AppDelegate.m in Sources */,
				6E45A20F1CB2B5B30053BA40 /* main.m in Sources */,
			);
			runOnlyForDeploymentPostprocessing = 0;
		};
		6E45A21F1CB2B5B30053BA40 /* Sources */ = {
			isa = PBXSourcesBuildPhase;
			buildActionMask = 2147483647;
			files = (
				6E45A2281CB2B5B30053BA40 /* DayOne3Tests.m in Sources */,
			);
			runOnlyForDeploymentPostprocessing = 0;
		};
		6E45A22A1CB2B5B30053BA40 /* Sources */ = {
			isa = PBXSourcesBuildPhase;
			buildActionMask = 2147483647;
			files = (
				6E45A2331CB2B5B30053BA40 /* DayOne3UITests.m in Sources */,
			);
			runOnlyForDeploymentPostprocessing = 0;
		};
/* End PBXSourcesBuildPhase section */

/* Begin PBXTargetDependency section */
		6E45A2251CB2B5B30053BA40 /* PBXTargetDependency */ = {
			isa = PBXTargetDependency;
			target = 6E45A2091CB2B5B30053BA40 /* DayOne3 */;
			targetProxy = 6E45A2241CB2B5B30053BA40 /* PBXContainerItemProxy */;
		};
		6E45A2301CB2B5B30053BA40 /* PBXTargetDependency */ = {
			isa = PBXTargetDependency;
			target = 6E45A2091CB2B5B30053BA40 /* DayOne3 */;
			targetProxy = 6E45A22F1CB2B5B30053BA40 /* PBXContainerItemProxy */;
		};
/* End PBXTargetDependency section */

/* Begin PBXVariantGroup section */
		6E45A2161CB2B5B30053BA40 /* Main.storyboard */ = {
			isa = PBXVariantGroup;
			children = (
				6E45A2171CB2B5B30053BA40 /* Base */,
			);
			name = Main.storyboard;
			sourceTree = "<group>";
		};
		6E45A21B1CB2B5B30053BA40 /* LaunchScreen.storyboard */ = {
			isa = PBXVariantGroup;
			children = (
				6E45A21C1CB2B5B30053BA40 /* Base */,
			);
			name = LaunchScreen.storyboard;
			sourceTree = "<group>";
		};
/* End PBXVariantGroup section */

/* Begin XCBuildConfiguration section */
		6E45A2351CB2B5B30053BA40 /* Debug */ = {
			isa = XCBuildConfiguration;
			buildSettings = {
				ALWAYS_SEARCH_USER_PATHS = NO;
				CLANG_CXX_LANGUAGE_STANDARD = "gnu++0x";
				CLANG_CXX_LIBRARY = "libc++";
				CLANG_ENABLE_MODULES = YES;
				CLANG_ENABLE_OBJC_ARC = YES;
				CLANG_WARN_BOOL_CONVERSION = YES;
				CLANG_WARN_CONSTANT_CONVERSION = YES;
				CLANG_WARN_DIRECT_OBJC_ISA_USAGE = YES_ERROR;
				CLANG_WARN_EMPTY_BODY = YES;
				CLANG_WARN_ENUM_CONVERSION = YES;
				CLANG_WARN_INT_CONVERSION = YES;
				CLANG_WARN_OBJC_ROOT_CLASS = YES_ERROR;
				CLANG_WARN_UNREACHABLE_CODE = YES;
				CLANG_WARN__DUPLICATE_METHOD_MATCH = YES;
				"CODE_SIGN_IDENTITY[sdk=iphoneos*]" = "iPhone Developer";
				COPY_PHASE_STRIP = NO;
				DEBUG_INFORMATION_FORMAT = dwarf;
				ENABLE_STRICT_OBJC_MSGSEND = YES;
				ENABLE_TESTABILITY = YES;
				GCC_C_LANGUAGE_STANDARD = gnu99;
				GCC_DYNAMIC_NO_PIC = NO;
				GCC_NO_COMMON_BLOCKS = YES;
				GCC_OPTIMIZATION_LEVEL = 0;
				GCC_PREPROCESSOR_DEFINITIONS = (
					"DEBUG=1",
					"$(inherited)",
				);
				GCC_WARN_64_TO_32_BIT_CONVERSION = YES;
				GCC_WARN_ABOUT_RETURN_TYPE = YES_ERROR;
				GCC_WARN_UNDECLARED_SELECTOR = YES;
				GCC_WARN_UNINITIALIZED_AUTOS = YES_AGGRESSIVE;
				GCC_WARN_UNUSED_FUNCTION = YES;
				GCC_WARN_UNUSED_VARIABLE = YES;
				IPHONEOS_DEPLOYMENT_TARGET = 9.2;
				MTL_ENABLE_DEBUG_INFO = YES;
				ONLY_ACTIVE_ARCH = YES;
				SDKROOT = iphoneos;
				TARGETED_DEVICE_FAMILY = "1,2";
			};
			name = Debug;
		};
		6E45A2361CB2B5B30053BA40 /* Release */ = {
			isa = XCBuildConfiguration;
			buildSettings = {
				ALWAYS_SEARCH_USER_PATHS = NO;
				CLANG_CXX_LANGUAGE_STANDARD = "gnu++0x";
				CLANG_CXX_LIBRARY = "libc++";
				CLANG_ENABLE_MODULES = YES;
				CLANG_ENABLE_OBJC_ARC = YES;
				CLANG_WARN_BOOL_CONVERSION = YES;
				CLANG_WARN_CONSTANT_CONVERSION = YES;
				CLANG_WARN_DIRECT_OBJC_ISA_USAGE = YES_ERROR;
				CLANG_WARN_EMPTY_BODY = YES;
				CLANG_WARN_ENUM_CONVERSION = YES;
				CLANG_WARN_INT_CONVERSION = YES;
				CLANG_WARN_OBJC_ROOT_CLASS = YES_ERROR;
				CLANG_WARN_UNREACHABLE_CODE = YES;
				CLANG_WARN__DUPLICATE_METHOD_MATCH = YES;
				"CODE_SIGN_IDENTITY[sdk=iphoneos*]" = "iPhone Developer";
				COPY_PHASE_STRIP = NO;
				DEBUG_INFORMATION_FORMAT = "dwarf-with-dsym";
				ENABLE_NS_ASSERTIONS = NO;
				ENABLE_STRICT_OBJC_MSGSEND = YES;
				GCC_C_LANGUAGE_STANDARD = gnu99;
				GCC_NO_COMMON_BLOCKS = YES;
				GCC_WARN_64_TO_32_BIT_CONVERSION = YES;
				GCC_WARN_ABOUT_RETURN_TYPE = YES_ERROR;
				GCC_WARN_UNDECLARED_SELECTOR = YES;
				GCC_WARN_UNINITIALIZED_AUTOS = YES_AGGRESSIVE;
				GCC_WARN_UNUSED_FUNCTION = YES;
				GCC_WARN_UNUSED_VARIABLE = YES;
				IPHONEOS_DEPLOYMENT_TARGET = 9.2;
				MTL_ENABLE_DEBUG_INFO = NO;
				SDKROOT = iphoneos;
				TARGETED_DEVICE_FAMILY = "1,2";
				VALIDATE_PRODUCT = YES;
			};
			name = Release;
		};
		6E45A2381CB2B5B30053BA40 /* Debug */ = {
			isa = XCBuildConfiguration;
			buildSettings = {
				ASSETCATALOG_COMPILER_APPICON_NAME = AppIcon;
				INFOPLIST_FILE = DayOne3/Info.plist;
				LD_RUNPATH_SEARCH_PATHS = "$(inherited) @executable_path/Frameworks";
				PRODUCT_BUNDLE_IDENTIFIER = cn.wl520.DayOne3;
				PRODUCT_NAME = "$(TARGET_NAME)";
			};
			name = Debug;
		};
		6E45A2391CB2B5B30053BA40 /* Release */ = {
			isa = XCBuildConfiguration;
			buildSettings = {
				ASSETCATALOG_COMPILER_APPICON_NAME = AppIcon;
				INFOPLIST_FILE = DayOne3/Info.plist;
				LD_RUNPATH_SEARCH_PATHS = "$(inherited) @executable_path/Frameworks";
				PRODUCT_BUNDLE_IDENTIFIER = cn.wl520.DayOne3;
				PRODUCT_NAME = "$(TARGET_NAME)";
			};
			name = Release;
		};
		6E45A23B1CB2B5B30053BA40 /* Debug */ = {
			isa = XCBuildConfiguration;
			buildSettings = {
				BUNDLE_LOADER = "$(TEST_HOST)";
				INFOPLIST_FILE = DayOne3Tests/Info.plist;
				LD_RUNPATH_SEARCH_PATHS = "$(inherited) @executable_path/Frameworks @loader_path/Frameworks";
				PRODUCT_BUNDLE_IDENTIFIER = cn.wl520.DayOne3Tests;
				PRODUCT_NAME = "$(TARGET_NAME)";
				TEST_HOST = "$(BUILT_PRODUCTS_DIR)/DayOne3.app/DayOne3";
			};
			name = Debug;
		};
		6E45A23C1CB2B5B30053BA40 /* Release */ = {
			isa = XCBuildConfiguration;
			buildSettings = {
				BUNDLE_LOADER = "$(TEST_HOST)";
				INFOPLIST_FILE = DayOne3Tests/Info.plist;
				LD_RUNPATH_SEARCH_PATHS = "$(inherited) @executable_path/Frameworks @loader_path/Frameworks";
				PRODUCT_BUNDLE_IDENTIFIER = cn.wl520.DayOne3Tests;
				PRODUCT_NAME = "$(TARGET_NAME)";
				TEST_HOST = "$(BUILT_PRODUCTS_DIR)/DayOne3.app/DayOne3";
			};
			name = Release;
		};
		6E45A23E1CB2B5B30053BA40 /* Debug */ = {
			isa = XCBuildConfiguration;
			buildSettings = {
				INFOPLIST_FILE = DayOne3UITests/Info.plist;
				LD_RUNPATH_SEARCH_PATHS = "$(inherited) @executable_path/Frameworks @loader_path/Frameworks";
				PRODUCT_BUNDLE_IDENTIFIER = cn.wl520.DayOne3UITests;
				PRODUCT_NAME = "$(TARGET_NAME)";
				TEST_TARGET_NAME = DayOne3;
				USES_XCTRUNNER = YES;
			};
			name = Debug;
		};
		6E45A23F1CB2B5B30053BA40 /* Release */ = {
			isa = XCBuildConfiguration;
			buildSettings = {
				INFOPLIST_FILE = DayOne3UITests/Info.plist;
				LD_RUNPATH_SEARCH_PATHS = "$(inherited) @executable_path/Frameworks @loader_path/Frameworks";
				PRODUCT_BUNDLE_IDENTIFIER = cn.wl520.DayOne3UITests;
				PRODUCT_NAME = "$(TARGET_NAME)";
				TEST_TARGET_NAME = DayOne3;
				USES_XCTRUNNER = YES;
			};
			name = Release;
		};
/* End XCBuildConfiguration section */

/* Begin XCConfigurationList section */
		6E45A2051CB2B5B30053BA40 /* Build configuration list for PBXProject "DayOne3" */ = {
			isa = XCConfigurationList;
			buildConfigurations = (
				6E45A2351CB2B5B30053BA40 /* Debug */,
				6E45A2361CB2B5B30053BA40 /* Release */,
			);
			defaultConfigurationIsVisible = 0;
			defaultConfigurationName = Release;
		};
		6E45A2371CB2B5B30053BA40 /* Build configuration list for PBXNativeTarget "DayOne3" */ = {
			isa = XCConfigurationList;
			buildConfigurations = (
				6E45A2381CB2B5B30053BA40 /* Debug */,
				6E45A2391CB2B5B30053BA40 /* Release */,
			);
			defaultConfigurationIsVisible = 0;
		};
		6E45A23A1CB2B5B30053BA40 /* Build configuration list for PBXNativeTarget "DayOne3Tests" */ = {
			isa = XCConfigurationList;
			buildConfigurations = (
				6E45A23B1CB2B5B30053BA40 /* Debug */,
				6E45A23C1CB2B5B30053BA40 /* Release */,
			);
			defaultConfigurationIsVisible = 0;
		};
		6E45A23D1CB2B5B30053BA40 /* Build configuration list for PBXNativeTarget "DayOne3UITests" */ = {
			isa = XCConfigurationList;
			buildConfigurations = (
				6E45A23E1CB2B5B30053BA40 /* Debug */,
				6E45A23F1CB2B5B30053BA40 /* Release */,
			);
			defaultConfigurationIsVisible = 0;
		};
/* End XCConfigurationList section */
	};
	rootObject = 6E45A2021CB2B5B30053BA40 /* Project object */;
}
